
Microsoft Visual Studio Solution File, Format Version 12.00
# Visual Studio 15
VisualStudioVersion = 15.0.28307.136
MinimumVisualStudioVersion = 10.0.40219.1
Project("{FAE04EC0-301F-11D3-BF4B-00C04F79EFBC}") = "Laboratry", "Laboratry\Laboratry.csproj", "{28105DAC-139D-454A-9667-F64B67BAFC36}"
EndProject
Global
	GlobalSection(SolutionConfigurationPlatforms) = preSolution
		Debug|Any CPU = Debug|Any CPU
		Release|Any CPU = Release|Any CPU
	EndGlobalSection
	GlobalSection(ProjectConfigurationPlatforms) = postSolution
		{28105DAC-139D-454A-9667-F64B67BAFC36}.Debug|Any CPU.ActiveCfg = Debug|Any CPU
		{28105DAC-139D-454A-9667-F64B67BAFC36}.Debug|Any CPU.Build.0 = Debug|Any CPU
		{28105DAC-139D-454A-9667-F64B67BAFC36}.Release|Any CPU.ActiveCfg = Release|Any CPU
		{28105DAC-139D-454A-9667-F64B67BAFC36}.Release|Any CPU.Build.0 = Release|Any CPU
	EndGlobalSection
	GlobalSection(SolutionProperties) = preSolution
		HideSolutionNode = FALSE
	EndGlobalSection
	GlobalSection(ExtensibilityGlobals) = postSolution
		SolutionGuid = {79BCB6E9-F0E7-40F8-A8E9-15F1973F0BDB}
	EndGlobalSection
EndGlobal
